
Microsoft Visual Studio Solution File, Format Version 12.00
# Visual Studio Version 17
VisualStudioVersion = 17.5.33424.131
MinimumVisualStudioVersion = 10.0.40219.1
Project("{FAE04EC0-301F-11D3-BF4B-00C04F79EFBC}") = "PortalIcerikYonetimSistemi", "PortalIcerikYonetimSistemi\PortalIcerikYonetimSistemi.csproj", "{FBC65672-9201-4D01-B5C4-2FDEDB2FFD60}"
EndProject
Global
	GlobalSection(SolutionConfigurationPlatforms) = preSolution
		Debug|Any CPU = Debug|Any CPU
		Release|Any CPU = Release|Any CPU
	EndGlobalSection
	GlobalSection(ProjectConfigurationPlatforms) = postSolution
		{FBC65672-9201-4D01-B5C4-2FDEDB2FFD60}.Debug|Any CPU.ActiveCfg = Debug|Any CPU
		{FBC65672-9201-4D01-B5C4-2FDEDB2FFD60}.Debug|Any CPU.Build.0 = Debug|Any CPU
		{FBC65672-9201-4D01-B5C4-2FDEDB2FFD60}.Release|Any CPU.ActiveCfg = Release|Any CPU
		{FBC65672-9201-4D01-B5C4-2FDEDB2FFD60}.Release|Any CPU.Build.0 = Release|Any CPU
	EndGlobalSection
	GlobalSection(SolutionProperties) = preSolution
		HideSolutionNode = FALSE
	EndGlobalSection
	GlobalSection(ExtensibilityGlobals) = postSolution
		SolutionGuid = {D8495CD1-C1ED-4BF0-AB4F-C9394BE7C99A}
	EndGlobalSection
EndGlobal
